
Microsoft Visual Studio Solution File, Format Version 12.00
# Visual Studio Version 16
VisualStudioVersion = 16.0.29215.179
MinimumVisualStudioVersion = 10.0.40219.1
Project("{888888A0-9F3D-457C-B088-3A5042F75D52}") = "aet-324k", "aet-324k\aet-324k.pyproj", "{0485558A-011F-4292-B0AE-BC6A353C72F7}"
EndProject
Global
	GlobalSection(SolutionConfigurationPlatforms) = preSolution
		Debug|Any CPU = Debug|Any CPU
		Release|Any CPU = Release|Any CPU
	EndGlobalSection
	GlobalSection(ProjectConfigurationPlatforms) = postSolution
		{0485558A-011F-4292-B0AE-BC6A353C72F7}.Debug|Any CPU.ActiveCfg = Debug|Any CPU
		{0485558A-011F-4292-B0AE-BC6A353C72F7}.Release|Any CPU.ActiveCfg = Release|Any CPU
	EndGlobalSection
	GlobalSection(SolutionProperties) = preSolution
		HideSolutionNode = FALSE
	EndGlobalSection
	GlobalSection(ExtensibilityGlobals) = postSolution
		SolutionGuid = {F5588AC3-373F-4417-8E70-6CB4EE032950}
	EndGlobalSection
EndGlobal
